
Microsoft Visual Studio Solution File, Format Version 12.00
# Visual Studio Version 17
VisualStudioVersion = 17.0.32126.317
MinimumVisualStudioVersion = 10.0.40219.1
Project("{9A19103F-16F7-4668-BE54-9A1E7A4F7556}") = "ArraySumSeparatorTests", "ArraySumSeparatorTests\ArraySumSeparatorTests.csproj", "{37AA47F7-B69A-45A0-86FF-8FAF4DE7F861}"
EndProject
Project("{9A19103F-16F7-4668-BE54-9A1E7A4F7556}") = "Pangram", "Pangram\Pangram.csproj", "{5374A26B-E603-4055-968D-81A6536CA3C2}"
EndProject
Project("{9A19103F-16F7-4668-BE54-9A1E7A4F7556}") = "PangramTests", "PangramTests\PangramTests.csproj", "{4E3B81B3-FA15-4E32-94AA-1B2C2D355F60}"
EndProject
Project("{9A19103F-16F7-4668-BE54-9A1E7A4F7556}") = "ArraySumSeparator", "ArraySumSeparator\ArraySumSeparator.csproj", "{7F73EE4C-9CEF-4FCF-8517-461FB09067A1}"
EndProject
Global
	GlobalSection(SolutionConfigurationPlatforms) = preSolution
		Debug|Any CPU = Debug|Any CPU
		Release|Any CPU = Release|Any CPU
	EndGlobalSection
	GlobalSection(ProjectConfigurationPlatforms) = postSolution
		{37AA47F7-B69A-45A0-86FF-8FAF4DE7F861}.Debug|Any CPU.ActiveCfg = Debug|Any CPU
		{37AA47F7-B69A-45A0-86FF-8FAF4DE7F861}.Debug|Any CPU.Build.0 = Debug|Any CPU
		{37AA47F7-B69A-45A0-86FF-8FAF4DE7F861}.Release|Any CPU.ActiveCfg = Release|Any CPU
		{37AA47F7-B69A-45A0-86FF-8FAF4DE7F861}.Release|Any CPU.Build.0 = Release|Any CPU
		{5374A26B-E603-4055-968D-81A6536CA3C2}.Debug|Any CPU.ActiveCfg = Debug|Any CPU
		{5374A26B-E603-4055-968D-81A6536CA3C2}.Debug|Any CPU.Build.0 = Debug|Any CPU
		{5374A26B-E603-4055-968D-81A6536CA3C2}.Release|Any CPU.ActiveCfg = Release|Any CPU
		{5374A26B-E603-4055-968D-81A6536CA3C2}.Release|Any CPU.Build.0 = Release|Any CPU
		{4E3B81B3-FA15-4E32-94AA-1B2C2D355F60}.Debug|Any CPU.ActiveCfg = Debug|Any CPU
		{4E3B81B3-FA15-4E32-94AA-1B2C2D355F60}.Debug|Any CPU.Build.0 = Debug|Any CPU
		{4E3B81B3-FA15-4E32-94AA-1B2C2D355F60}.Release|Any CPU.ActiveCfg = Release|Any CPU
		{4E3B81B3-FA15-4E32-94AA-1B2C2D355F60}.Release|Any CPU.Build.0 = Release|Any CPU
		{7F73EE4C-9CEF-4FCF-8517-461FB09067A1}.Debug|Any CPU.ActiveCfg = Debug|Any CPU
		{7F73EE4C-9CEF-4FCF-8517-461FB09067A1}.Debug|Any CPU.Build.0 = Debug|Any CPU
		{7F73EE4C-9CEF-4FCF-8517-461FB09067A1}.Release|Any CPU.ActiveCfg = Release|Any CPU
		{7F73EE4C-9CEF-4FCF-8517-461FB09067A1}.Release|Any CPU.Build.0 = Release|Any CPU
	EndGlobalSection
	GlobalSection(SolutionProperties) = preSolution
		HideSolutionNode = FALSE
	EndGlobalSection
	GlobalSection(ExtensibilityGlobals) = postSolution
		SolutionGuid = {4C4A8E2C-7B9C-4B03-A4C3-66BB1B92A8C2}
	EndGlobalSection
EndGlobal
